
Microsoft Visual Studio Solution File, Format Version 12.00
# Visual Studio Version 16
VisualStudioVersion = 16.0.810.16
MinimumVisualStudioVersion = 10.0.40219.1
Project("{FAE04EC0-301F-11D3-BF4B-00C04F79EFBC}") = "Mission3", "Mission3\Mission3.csproj", "{DE920E95-FA8F-4663-9E4C-5BABBCD3E1CF}"
EndProject
Global
	GlobalSection(SolutionConfigurationPlatforms) = preSolution
		Debug|Any CPU = Debug|Any CPU
		Release|Any CPU = Release|Any CPU
	EndGlobalSection
	GlobalSection(ProjectConfigurationPlatforms) = postSolution
		{DE920E95-FA8F-4663-9E4C-5BABBCD3E1CF}.Debug|Any CPU.ActiveCfg = Debug|Any CPU
		{DE920E95-FA8F-4663-9E4C-5BABBCD3E1CF}.Debug|Any CPU.Build.0 = Debug|Any CPU
		{DE920E95-FA8F-4663-9E4C-5BABBCD3E1CF}.Release|Any CPU.ActiveCfg = Release|Any CPU
		{DE920E95-FA8F-4663-9E4C-5BABBCD3E1CF}.Release|Any CPU.Build.0 = Release|Any CPU
	EndGlobalSection
	GlobalSection(SolutionProperties) = preSolution
		HideSolutionNode = FALSE
	EndGlobalSection
	GlobalSection(ExtensibilityGlobals) = postSolution
		SolutionGuid = {07761443-78CA-4DB0-963E-4D17EA47FA07}
	EndGlobalSection
	GlobalSection(MonoDevelopProperties) = preSolution
		Policies = $0
		$0.DotNetNamingPolicy = $1
		$1.DirectoryNamespaceAssociation = PrefixedHierarchical
		$0.StandardHeader = $2
		$0.VersionControlPolicy = $3
	EndGlobalSection
EndGlobal
